
Microsoft Visual Studio Solution File, Format Version 12.00
# Visual Studio Version 17
VisualStudioVersion = 17.9.34723.18
MinimumVisualStudioVersion = 10.0.40219.1
Project("{FAE04EC0-301F-11D3-BF4B-00C04F79EFBC}") = "Exercicio2Enumarete", "Exercicio2Enumarete\Exercicio2Enumarete.csproj", "{DB31B4A8-F60E-4BE4-906F-2B427093BFF3}"
EndProject
Global
	GlobalSection(SolutionConfigurationPlatforms) = preSolution
		Debug|Any CPU = Debug|Any CPU
		Release|Any CPU = Release|Any CPU
	EndGlobalSection
	GlobalSection(ProjectConfigurationPlatforms) = postSolution
		{DB31B4A8-F60E-4BE4-906F-2B427093BFF3}.Debug|Any CPU.ActiveCfg = Debug|Any CPU
		{DB31B4A8-F60E-4BE4-906F-2B427093BFF3}.Debug|Any CPU.Build.0 = Debug|Any CPU
		{DB31B4A8-F60E-4BE4-906F-2B427093BFF3}.Release|Any CPU.ActiveCfg = Release|Any CPU
		{DB31B4A8-F60E-4BE4-906F-2B427093BFF3}.Release|Any CPU.Build.0 = Release|Any CPU
	EndGlobalSection
	GlobalSection(SolutionProperties) = preSolution
		HideSolutionNode = FALSE
	EndGlobalSection
	GlobalSection(ExtensibilityGlobals) = postSolution
		SolutionGuid = {7F843483-2C0F-4052-A42C-56229D65B820}
	EndGlobalSection
EndGlobal
