
Microsoft Visual Studio Solution File, Format Version 12.00
# Visual Studio Version 17
VisualStudioVersion = 17.9.34622.214
MinimumVisualStudioVersion = 10.0.40219.1
Project("{FAE04EC0-301F-11D3-BF4B-00C04F79EFBC}") = "TreinoClasse", "TreinoClasse\TreinoClasse.csproj", "{EAF6ED43-CFB6-4B91-8908-E049DB588BBC}"
EndProject
Global
	GlobalSection(SolutionConfigurationPlatforms) = preSolution
		Debug|Any CPU = Debug|Any CPU
		Release|Any CPU = Release|Any CPU
	EndGlobalSection
	GlobalSection(ProjectConfigurationPlatforms) = postSolution
		{EAF6ED43-CFB6-4B91-8908-E049DB588BBC}.Debug|Any CPU.ActiveCfg = Debug|Any CPU
		{EAF6ED43-CFB6-4B91-8908-E049DB588BBC}.Debug|Any CPU.Build.0 = Debug|Any CPU
		{EAF6ED43-CFB6-4B91-8908-E049DB588BBC}.Release|Any CPU.ActiveCfg = Release|Any CPU
		{EAF6ED43-CFB6-4B91-8908-E049DB588BBC}.Release|Any CPU.Build.0 = Release|Any CPU
	EndGlobalSection
	GlobalSection(SolutionProperties) = preSolution
		HideSolutionNode = FALSE
	EndGlobalSection
	GlobalSection(ExtensibilityGlobals) = postSolution
		SolutionGuid = {EB68FBD3-C214-4C94-A299-237A2B09D4D4}
	EndGlobalSection
EndGlobal
