
Microsoft Visual Studio Solution File, Format Version 12.00
# Visual Studio Version 17
VisualStudioVersion = 17.9.34622.214
MinimumVisualStudioVersion = 10.0.40219.1
Project("{FAE04EC0-301F-11D3-BF4B-00C04F79EFBC}") = "Delegates", "Delegates\Delegates.csproj", "{5439A74A-A7AB-4381-A0FC-690CE787A8DA}"
EndProject
Global
	GlobalSection(SolutionConfigurationPlatforms) = preSolution
		Debug|Any CPU = Debug|Any CPU
		Release|Any CPU = Release|Any CPU
	EndGlobalSection
	GlobalSection(ProjectConfigurationPlatforms) = postSolution
		{5439A74A-A7AB-4381-A0FC-690CE787A8DA}.Debug|Any CPU.ActiveCfg = Debug|Any CPU
		{5439A74A-A7AB-4381-A0FC-690CE787A8DA}.Debug|Any CPU.Build.0 = Debug|Any CPU
		{5439A74A-A7AB-4381-A0FC-690CE787A8DA}.Release|Any CPU.ActiveCfg = Release|Any CPU
		{5439A74A-A7AB-4381-A0FC-690CE787A8DA}.Release|Any CPU.Build.0 = Release|Any CPU
	EndGlobalSection
	GlobalSection(SolutionProperties) = preSolution
		HideSolutionNode = FALSE
	EndGlobalSection
	GlobalSection(ExtensibilityGlobals) = postSolution
		SolutionGuid = {7A985BFC-AEF3-4709-B163-4EB9AF03159A}
	EndGlobalSection
EndGlobal
