
Microsoft Visual Studio Solution File, Format Version 12.00
# Visual Studio Version 17
VisualStudioVersion = 17.9.34723.18
MinimumVisualStudioVersion = 10.0.40219.1
Project("{FAE04EC0-301F-11D3-BF4B-00C04F79EFBC}") = "TryCatch_Exceptions_Exercicio", "TryCatch_Exceptions_Exercicio\TryCatch_Exceptions_Exercicio.csproj", "{17638263-C406-4AA0-8626-0BD9C50A1698}"
EndProject
Global
	GlobalSection(SolutionConfigurationPlatforms) = preSolution
		Debug|Any CPU = Debug|Any CPU
		Release|Any CPU = Release|Any CPU
	EndGlobalSection
	GlobalSection(ProjectConfigurationPlatforms) = postSolution
		{17638263-C406-4AA0-8626-0BD9C50A1698}.Debug|Any CPU.ActiveCfg = Debug|Any CPU
		{17638263-C406-4AA0-8626-0BD9C50A1698}.Debug|Any CPU.Build.0 = Debug|Any CPU
		{17638263-C406-4AA0-8626-0BD9C50A1698}.Release|Any CPU.ActiveCfg = Release|Any CPU
		{17638263-C406-4AA0-8626-0BD9C50A1698}.Release|Any CPU.Build.0 = Release|Any CPU
	EndGlobalSection
	GlobalSection(SolutionProperties) = preSolution
		HideSolutionNode = FALSE
	EndGlobalSection
	GlobalSection(ExtensibilityGlobals) = postSolution
		SolutionGuid = {D4A0ABB6-C1AF-4AA3-8824-496423B31E62}
	EndGlobalSection
EndGlobal
